
Microsoft Visual Studio Solution File, Format Version 12.00
# Visual Studio Version 16
VisualStudioVersion = 16.0.31702.278
MinimumVisualStudioVersion = 10.0.40219.1
Project("{FAE04EC0-301F-11D3-BF4B-00C04F79EFBC}") = "Arregloss", "Arregloss\Arregloss.csproj", "{B0DDBD43-154A-4592-931F-3A305737E5CF}"
EndProject
Global
	GlobalSection(SolutionConfigurationPlatforms) = preSolution
		Debug|Any CPU = Debug|Any CPU
		Release|Any CPU = Release|Any CPU
	EndGlobalSection
	GlobalSection(ProjectConfigurationPlatforms) = postSolution
		{B0DDBD43-154A-4592-931F-3A305737E5CF}.Debug|Any CPU.ActiveCfg = Debug|Any CPU
		{B0DDBD43-154A-4592-931F-3A305737E5CF}.Debug|Any CPU.Build.0 = Debug|Any CPU
		{B0DDBD43-154A-4592-931F-3A305737E5CF}.Release|Any CPU.ActiveCfg = Release|Any CPU
		{B0DDBD43-154A-4592-931F-3A305737E5CF}.Release|Any CPU.Build.0 = Release|Any CPU
	EndGlobalSection
	GlobalSection(SolutionProperties) = preSolution
		HideSolutionNode = FALSE
	EndGlobalSection
	GlobalSection(ExtensibilityGlobals) = postSolution
		SolutionGuid = {48FC57EC-987B-4CEE-9E35-84B21092CDFA}
	EndGlobalSection
EndGlobal
